
Microsoft Visual Studio Solution File, Format Version 12.00
# Visual Studio 15
VisualStudioVersion = 15.0.26730.12
MinimumVisualStudioVersion = 10.0.40219.1
Project("{FAE04EC0-301F-11D3-BF4B-00C04F79EFBC}") = "Rightpoint.UnitTesting.Demo.Api", "Rightpoint.UnitTesting.Demo.Api\Rightpoint.UnitTesting.Demo.Api.csproj", "{A1FA467A-FDC7-43EB-AD8A-375126741A48}"
EndProject
Project("{FAE04EC0-301F-11D3-BF4B-00C04F79EFBC}") = "Rightpoint.UnitTesting.Demo.Domain", "Rightpoint.UnitTesting.Demo.Domain\Rightpoint.UnitTesting.Demo.Domain.csproj", "{C3E9ADE8-FF75-4D17-940A-9F338EF86C31}"
EndProject
Project("{FAE04EC0-301F-11D3-BF4B-00C04F79EFBC}") = "Rightpoint.UnitTesting.Demo.Infrastructure", "Rightpoint.UnitTesting.Demo.Infrastructure\Rightpoint.UnitTesting.Demo.Infrastructure.csproj", "{16F1F8F2-F0EE-4237-87C2-43E064D8C943}"
EndProject
Project("{FAE04EC0-301F-11D3-BF4B-00C04F79EFBC}") = "Rightpoint.UnitTesting.Demo.Domain.Tests", "Rightpoint.UnitTesting.Demo.Domain.Tests\Rightpoint.UnitTesting.Demo.Domain.Tests.csproj", "{CD464BF3-2FBC-42EB-B82C-8A6B8BF1D94A}"
EndProject
Project("{FAE04EC0-301F-11D3-BF4B-00C04F79EFBC}") = "Rightpoint.UnitTesting.Demo.Infrastructure.Tests", "Rightpoint.UnitTesting.Demo.Infrastructure.Tests\Rightpoint.UnitTesting.Demo.Infrastructure.Tests.csproj", "{BC9050F3-6C42-48E2-9A63-865AC16ADFD1}"
EndProject
Project("{FAE04EC0-301F-11D3-BF4B-00C04F79EFBC}") = "Rightpoint.UnitTesting.Demo.Api.Tests", "Rightpoint.UnitTesting.Demo.Api.Tests\Rightpoint.UnitTesting.Demo.Api.Tests.csproj", "{FCDB9DF9-941D-4CBF-9DA2-CB037EE71210}"
EndProject
Project("{FAE04EC0-301F-11D3-BF4B-00C04F79EFBC}") = "Rightpoint.UnitTesting.Demo.Mvc", "Rightpoint.UnitTesting.Demo.Mvc\Rightpoint.UnitTesting.Demo.Mvc.csproj", "{6CDD5F1B-EAA3-46C4-9E13-3F3A1F249DC5}"
EndProject
Project("{FAE04EC0-301F-11D3-BF4B-00C04F79EFBC}") = "Rightpoint.UnitTesting.Demo.Mvc.Tests", "Rightpoint.UnitTesting.Demo.Mvc.Tests\Rightpoint.UnitTesting.Demo.Mvc.Tests.csproj", "{5681C633-56D8-4642-8E7A-07FEEB0C9B68}"
EndProject
Global
	GlobalSection(SolutionConfigurationPlatforms) = preSolution
		Debug|Any CPU = Debug|Any CPU
		Release|Any CPU = Release|Any CPU
	EndGlobalSection
	GlobalSection(ProjectConfigurationPlatforms) = postSolution
		{A1FA467A-FDC7-43EB-AD8A-375126741A48}.Debug|Any CPU.ActiveCfg = Debug|Any CPU
		{A1FA467A-FDC7-43EB-AD8A-375126741A48}.Debug|Any CPU.Build.0 = Debug|Any CPU
		{A1FA467A-FDC7-43EB-AD8A-375126741A48}.Release|Any CPU.ActiveCfg = Release|Any CPU
		{A1FA467A-FDC7-43EB-AD8A-375126741A48}.Release|Any CPU.Build.0 = Release|Any CPU
		{C3E9ADE8-FF75-4D17-940A-9F338EF86C31}.Debug|Any CPU.ActiveCfg = Debug|Any CPU
		{C3E9ADE8-FF75-4D17-940A-9F338EF86C31}.Debug|Any CPU.Build.0 = Debug|Any CPU
		{C3E9ADE8-FF75-4D17-940A-9F338EF86C31}.Release|Any CPU.ActiveCfg = Release|Any CPU
		{C3E9ADE8-FF75-4D17-940A-9F338EF86C31}.Release|Any CPU.Build.0 = Release|Any CPU
		{16F1F8F2-F0EE-4237-87C2-43E064D8C943}.Debug|Any CPU.ActiveCfg = Debug|Any CPU
		{16F1F8F2-F0EE-4237-87C2-43E064D8C943}.Debug|Any CPU.Build.0 = Debug|Any CPU
		{16F1F8F2-F0EE-4237-87C2-43E064D8C943}.Release|Any CPU.ActiveCfg = Release|Any CPU
		{16F1F8F2-F0EE-4237-87C2-43E064D8C943}.Release|Any CPU.Build.0 = Release|Any CPU
		{CD464BF3-2FBC-42EB-B82C-8A6B8BF1D94A}.Debug|Any CPU.ActiveCfg = Debug|Any CPU
		{CD464BF3-2FBC-42EB-B82C-8A6B8BF1D94A}.Debug|Any CPU.Build.0 = Debug|Any CPU
		{CD464BF3-2FBC-42EB-B82C-8A6B8BF1D94A}.Release|Any CPU.ActiveCfg = Release|Any CPU
		{CD464BF3-2FBC-42EB-B82C-8A6B8BF1D94A}.Release|Any CPU.Build.0 = Release|Any CPU
		{BC9050F3-6C42-48E2-9A63-865AC16ADFD1}.Debug|Any CPU.ActiveCfg = Debug|Any CPU
		{BC9050F3-6C42-48E2-9A63-865AC16ADFD1}.Debug|Any CPU.Build.0 = Debug|Any CPU
		{BC9050F3-6C42-48E2-9A63-865AC16ADFD1}.Release|Any CPU.ActiveCfg = Release|Any CPU
		{BC9050F3-6C42-48E2-9A63-865AC16ADFD1}.Release|Any CPU.Build.0 = Release|Any CPU
		{FCDB9DF9-941D-4CBF-9DA2-CB037EE71210}.Debug|Any CPU.ActiveCfg = Debug|Any CPU
		{FCDB9DF9-941D-4CBF-9DA2-CB037EE71210}.Debug|Any CPU.Build.0 = Debug|Any CPU
		{FCDB9DF9-941D-4CBF-9DA2-CB037EE71210}.Release|Any CPU.ActiveCfg = Release|Any CPU
		{FCDB9DF9-941D-4CBF-9DA2-CB037EE71210}.Release|Any CPU.Build.0 = Release|Any CPU
		{6CDD5F1B-EAA3-46C4-9E13-3F3A1F249DC5}.Debug|Any CPU.ActiveCfg = Debug|Any CPU
		{6CDD5F1B-EAA3-46C4-9E13-3F3A1F249DC5}.Debug|Any CPU.Build.0 = Debug|Any CPU
		{6CDD5F1B-EAA3-46C4-9E13-3F3A1F249DC5}.Release|Any CPU.ActiveCfg = Release|Any CPU
		{6CDD5F1B-EAA3-46C4-9E13-3F3A1F249DC5}.Release|Any CPU.Build.0 = Release|Any CPU
		{5681C633-56D8-4642-8E7A-07FEEB0C9B68}.Debug|Any CPU.ActiveCfg = Debug|Any CPU
		{5681C633-56D8-4642-8E7A-07FEEB0C9B68}.Debug|Any CPU.Build.0 = Debug|Any CPU
		{5681C633-56D8-4642-8E7A-07FEEB0C9B68}.Release|Any CPU.ActiveCfg = Release|Any CPU
		{5681C633-56D8-4642-8E7A-07FEEB0C9B68}.Release|Any CPU.Build.0 = Release|Any CPU
	EndGlobalSection
	GlobalSection(SolutionProperties) = preSolution
		HideSolutionNode = FALSE
	EndGlobalSection
	GlobalSection(ExtensibilityGlobals) = postSolution
		SolutionGuid = {4D28B207-9B0F-4015-AF9C-24A10E0B64EE}
	EndGlobalSection
EndGlobal
